
Microsoft Visual Studio Solution File, Format Version 12.00
# Visual Studio Version 17
VisualStudioVersion = 17.9.34607.119
MinimumVisualStudioVersion = 10.0.40219.1
Project("{9A19103F-16F7-4668-BE54-9A1E7A4F7556}") = "RepositoryLib", "PCIDeviceRepositoryLib\RepositoryLib.csproj", "{0DBFBC22-F174-4246-9D87-424F50318C11}"
EndProject
Project("{9A19103F-16F7-4668-BE54-9A1E7A4F7556}") = "RepositoryProcessor", "RepositoryProcessor\RepositoryProcessor.csproj", "{1B7132D8-D96D-47FA-887D-904D1E2D4831}"
EndProject
Global
	GlobalSection(SolutionConfigurationPlatforms) = preSolution
		Debug|Any CPU = Debug|Any CPU
		Release|Any CPU = Release|Any CPU
	EndGlobalSection
	GlobalSection(ProjectConfigurationPlatforms) = postSolution
		{0DBFBC22-F174-4246-9D87-424F50318C11}.Debug|Any CPU.ActiveCfg = Debug|Any CPU
		{0DBFBC22-F174-4246-9D87-424F50318C11}.Debug|Any CPU.Build.0 = Debug|Any CPU
		{0DBFBC22-F174-4246-9D87-424F50318C11}.Release|Any CPU.ActiveCfg = Release|Any CPU
		{0DBFBC22-F174-4246-9D87-424F50318C11}.Release|Any CPU.Build.0 = Release|Any CPU
		{1B7132D8-D96D-47FA-887D-904D1E2D4831}.Debug|Any CPU.ActiveCfg = Debug|Any CPU
		{1B7132D8-D96D-47FA-887D-904D1E2D4831}.Debug|Any CPU.Build.0 = Debug|Any CPU
		{1B7132D8-D96D-47FA-887D-904D1E2D4831}.Release|Any CPU.ActiveCfg = Release|Any CPU
		{1B7132D8-D96D-47FA-887D-904D1E2D4831}.Release|Any CPU.Build.0 = Release|Any CPU
	EndGlobalSection
	GlobalSection(SolutionProperties) = preSolution
		HideSolutionNode = FALSE
	EndGlobalSection
	GlobalSection(ExtensibilityGlobals) = postSolution
		SolutionGuid = {DFDEEB28-9A06-452A-8420-63E2F662B78C}
	EndGlobalSection
EndGlobal
